
Microsoft Visual Studio Solution File, Format Version 12.00
# Visual Studio Version 17
VisualStudioVersion = 17.13.35825.156 d17.13
MinimumVisualStudioVersion = 10.0.40219.1
Project("{FAE04EC0-301F-11D3-BF4B-00C04F79EFBC}") = "WinFormsApp1", "WinFormsApp1\WinFormsApp1.csproj", "{CFBE4AD9-F26E-49C3-883C-ED902A0CCBCF}"
EndProject
Global
	GlobalSection(SolutionConfigurationPlatforms) = preSolution
		Debug|Any CPU = Debug|Any CPU
		Release|Any CPU = Release|Any CPU
	EndGlobalSection
	GlobalSection(ProjectConfigurationPlatforms) = postSolution
		{CFBE4AD9-F26E-49C3-883C-ED902A0CCBCF}.Debug|Any CPU.ActiveCfg = Debug|Any CPU
		{CFBE4AD9-F26E-49C3-883C-ED902A0CCBCF}.Debug|Any CPU.Build.0 = Debug|Any CPU
		{CFBE4AD9-F26E-49C3-883C-ED902A0CCBCF}.Release|Any CPU.ActiveCfg = Release|Any CPU
		{CFBE4AD9-F26E-49C3-883C-ED902A0CCBCF}.Release|Any CPU.Build.0 = Release|Any CPU
	EndGlobalSection
	GlobalSection(SolutionProperties) = preSolution
		HideSolutionNode = FALSE
	EndGlobalSection
	GlobalSection(ExtensibilityGlobals) = postSolution
		SolutionGuid = {722A713B-659F-418D-9479-49E0F4C50558}
	EndGlobalSection
EndGlobal
